
Microsoft Visual Studio Solution File, Format Version 12.00
# Visual Studio Version 16
VisualStudioVersion = 16.0.31624.102
MinimumVisualStudioVersion = 10.0.40219.1
Project("{FAE04EC0-301F-11D3-BF4B-00C04F79EFBC}") = "BookLibrary", "BookLibrary.csproj", "{6C64D856-0BF4-4DBD-A8CE-D3B1F720EFB7}"
EndProject
Global
	GlobalSection(SolutionConfigurationPlatforms) = preSolution
		Debug|Any CPU = Debug|Any CPU
		Release|Any CPU = Release|Any CPU
	EndGlobalSection
	GlobalSection(ProjectConfigurationPlatforms) = postSolution
		{6C64D856-0BF4-4DBD-A8CE-D3B1F720EFB7}.Debug|Any CPU.ActiveCfg = Debug|Any CPU
		{6C64D856-0BF4-4DBD-A8CE-D3B1F720EFB7}.Debug|Any CPU.Build.0 = Debug|Any CPU
		{6C64D856-0BF4-4DBD-A8CE-D3B1F720EFB7}.Release|Any CPU.ActiveCfg = Release|Any CPU
		{6C64D856-0BF4-4DBD-A8CE-D3B1F720EFB7}.Release|Any CPU.Build.0 = Release|Any CPU
	EndGlobalSection
	GlobalSection(SolutionProperties) = preSolution
		HideSolutionNode = FALSE
	EndGlobalSection
	GlobalSection(ExtensibilityGlobals) = postSolution
		SolutionGuid = {A3CAC652-42CC-4342-B709-B2069BB2064D}
	EndGlobalSection
EndGlobal
